// !$*UTF8*$!
{
	archiveVersion = 1;
	classes = {
	};
	objectVersion = 55;
	objects = {

/* Begin PBXBuildFile section */
		996F54A5276BD8460006F724 /* MuseumArtApp.swift in Sources */ = {isa = PBXBuildFile; fileRef = 996F54A4276BD8460006F724 /* MuseumArtApp.swift */; };
		996F54A7276BD8460006F724 /* ArtworkView.swift in Sources */ = {isa = PBXBuildFile; fileRef = 996F54A6276BD8460006F724 /* ArtworkView.swift */; };
		996F54A9276BD8470006F724 /* Assets.xcassets in Resources */ = {isa = PBXBuildFile; fileRef = 996F54A8276BD8470006F724 /* Assets.xcassets */; };
		996F54AC276BD8470006F724 /* Preview Assets.xcassets in Resources */ = {isa = PBXBuildFile; fileRef = 996F54AB276BD8470006F724 /* Preview Assets.xcassets */; };
		996F54B3276BDF210006F724 /* CollectionsView.swift in Sources */ = {isa = PBXBuildFile; fileRef = 996F54B2276BDF210006F724 /* CollectionsView.swift */; };
		996F54B5276BDFA60006F724 /* CustomCollectionView.swift in Sources */ = {isa = PBXBuildFile; fileRef = 996F54B4276BDFA60006F724 /* CustomCollectionView.swift */; };
		996F54B8276BE7AF0006F724 /* CollectionDetailView.swift in Sources */ = {isa = PBXBuildFile; fileRef = 996F54B7276BE7AF0006F724 /* CollectionDetailView.swift */; };
		996F54BE276BE84B0006F724 /* ArtCollection.swift in Sources */ = {isa = PBXBuildFile; fileRef = 996F54BD276BE84B0006F724 /* ArtCollection.swift */; };
/* End PBXBuildFile section */

/* Begin PBXFileReference section */
		996F54A1276BD8460006F724 /* MuseumArt.app */ = {isa = PBXFileReference; explicitFileType = wrapper.application; includeInIndex = 0; path = MuseumArt.app; sourceTree = BUILT_PRODUCTS_DIR; };
		996F54A4276BD8460006F724 /* MuseumArtApp.swift */ = {isa = PBXFileReference; lastKnownFileType = sourcecode.swift; path = MuseumArtApp.swift; sourceTree = "<group>"; };
		996F54A6276BD8460006F724 /* ArtworkView.swift */ = {isa = PBXFileReference; lastKnownFileType = sourcecode.swift; path = ArtworkView.swift; sourceTree = "<group>"; };
		996F54A8276BD8470006F724 /* Assets.xcassets */ = {isa = PBXFileReference; lastKnownFileType = folder.assetcatalog; path = Assets.xcassets; sourceTree = "<group>"; };
		996F54AB276BD8470006F724 /* Preview Assets.xcassets */ = {isa = PBXFileReference; lastKnownFileType = folder.assetcatalog; path = "Preview Assets.xcassets"; sourceTree = "<group>"; };
		996F54B2276BDF210006F724 /* CollectionsView.swift */ = {isa = PBXFileReference; lastKnownFileType = sourcecode.swift; path = CollectionsView.swift; sourceTree = "<group>"; };
		996F54B4276BDFA60006F724 /* CustomCollectionView.swift */ = {isa = PBXFileReference; lastKnownFileType = sourcecode.swift; path = CustomCollectionView.swift; sourceTree = "<group>"; };
		996F54B7276BE7AF0006F724 /* CollectionDetailView.swift */ = {isa = PBXFileReference; lastKnownFileType = sourcecode.swift; path = CollectionDetailView.swift; sourceTree = "<group>"; };
		996F54BD276BE84B0006F724 /* ArtCollection.swift */ = {isa = PBXFileReference; lastKnownFileType = sourcecode.swift; path = ArtCollection.swift; sourceTree = "<group>"; };
/* End PBXFileReference section */

/* Begin PBXFrameworksBuildPhase section */
		996F549E276BD8460006F724 /* Frameworks */ = {
			isa = PBXFrameworksBuildPhase;
			buildActionMask = 2147483647;
			files = (
			);
			runOnlyForDeploymentPostprocessing = 0;
		};
/* End PBXFrameworksBuildPhase section */

/* Begin PBXGroup section */
		996F5498276BD8460006F724 = {
			isa = PBXGroup;
			children = (
				996F54A3276BD8460006F724 /* MuseumArt */,
				996F54A2276BD8460006F724 /* Products */,
			);
			sourceTree = "<group>";
		};
		996F54A2276BD8460006F724 /* Products */ = {
			isa = PBXGroup;
			children = (
				996F54A1276BD8460006F724 /* MuseumArt.app */,
			);
			name = Products;
			sourceTree = "<group>";
		};
		996F54A3276BD8460006F724 /* MuseumArt */ = {
			isa = PBXGroup;
			children = (
				996F54A4276BD8460006F724 /* MuseumArtApp.swift */,
				996F54BC276BE8380006F724 /* Model */,
				996F54B9276BE7EE0006F724 /* Views */,
				996F54A8276BD8470006F724 /* Assets.xcassets */,
				996F54AA276BD8470006F724 /* Preview Content */,
			);
			path = MuseumArt;
			sourceTree = "<group>";
		};
		996F54AA276BD8470006F724 /* Preview Content */ = {
			isa = PBXGroup;
			children = (
				996F54AB276BD8470006F724 /* Preview Assets.xcassets */,
			);
			path = "Preview Content";
			sourceTree = "<group>";
		};
		996F54B6276BE7930006F724 /* Collection */ = {
			isa = PBXGroup;
			children = (
				996F54B2276BDF210006F724 /* CollectionsView.swift */,
				996F54B7276BE7AF0006F724 /* CollectionDetailView.swift */,
			);
			path = Collection;
			sourceTree = "<group>";
		};
		996F54B9276BE7EE0006F724 /* Views */ = {
			isa = PBXGroup;
			children = (
				996F54B6276BE7930006F724 /* Collection */,
				996F54BA276BE7FB0006F724 /* Artwork */,
				996F54BB276BE8100006F724 /* CustomCollection */,
			);
			path = Views;
			sourceTree = "<group>";
		};
		996F54BA276BE7FB0006F724 /* Artwork */ = {
			isa = PBXGroup;
			children = (
				996F54A6276BD8460006F724 /* ArtworkView.swift */,
			);
			path = Artwork;
			sourceTree = "<group>";
		};
		996F54BB276BE8100006F724 /* CustomCollection */ = {
			isa = PBXGroup;
			children = (
				996F54B4276BDFA60006F724 /* CustomCollectionView.swift */,
			);
			path = CustomCollection;
			sourceTree = "<group>";
		};
		996F54BC276BE8380006F724 /* Model */ = {
			isa = PBXGroup;
			children = (
				996F54BD276BE84B0006F724 /* ArtCollection.swift */,
			);
			path = Model;
			sourceTree = "<group>";
		};
/* End PBXGroup section */

/* Begin PBXNativeTarget section */
		996F54A0276BD8460006F724 /* MuseumArt */ = {
			isa = PBXNativeTarget;
			buildConfigurationList = 996F54AF276BD8470006F724 /* Build configuration list for PBXNativeTarget "MuseumArt" */;
			buildPhases = (
				996F549D276BD8460006F724 /* Sources */,
				996F549E276BD8460006F724 /* Frameworks */,
				996F549F276BD8460006F724 /* Resources */,
			);
			buildRules = (
			);
			dependencies = (
			);
			name = MuseumArt;
			productName = MuseumArt;
			productReference = 996F54A1276BD8460006F724 /* MuseumArt.app */;
			productType = "com.apple.product-type.application";
		};
/* End PBXNativeTarget section */

/* Begin PBXProject section */
		996F5499276BD8460006F724 /* Project object */ = {
			isa = PBXProject;
			attributes = {
				BuildIndependentTargetsInParallel = 1;
				LastSwiftUpdateCheck = 1310;
				LastUpgradeCheck = 1310;
				TargetAttributes = {
					996F54A0276BD8460006F724 = {
						CreatedOnToolsVersion = 13.1;
					};
				};
			};
			buildConfigurationList = 996F549C276BD8460006F724 /* Build configuration list for PBXProject "MuseumArt" */;
			compatibilityVersion = "Xcode 13.0";
			developmentRegion = en;
			hasScannedForEncodings = 0;
			knownRegions = (
				en,
				Base,
			);
			mainGroup = 996F5498276BD8460006F724;
			productRefGroup = 996F54A2276BD8460006F724 /* Products */;
			projectDirPath = "";
			projectRoot = "";
			targets = (
				996F54A0276BD8460006F724 /* MuseumArt */,
			);
		};
/* End PBXProject section */

/* Begin PBXResourcesBuildPhase section */
		996F549F276BD8460006F724 /* Resources */ = {
			isa = PBXResourcesBuildPhase;
			buildActionMask = 2147483647;
			files = (
				996F54AC276BD8470006F724 /* Preview Assets.xcassets in Resources */,
				996F54A9276BD8470006F724 /* Assets.xcassets in Resources */,
			);
			runOnlyForDeploymentPostprocessing = 0;
		};
/* End PBXResourcesBuildPhase section */

/* Begin PBXSourcesBuildPhase section */
		996F549D276BD8460006F724 /* Sources */ = {
			isa = PBXSourcesBuildPhase;
			buildActionMask = 2147483647;
			files = (
				996F54A7276BD8460006F724 /* ArtworkView.swift in Sources */,
				996F54A5276BD8460006F724 /* MuseumArtApp.swift in Sources */,
				996F54B3276BDF210006F724 /* CollectionsView.swift in Sources */,
				996F54BE276BE84B0006F724 /* ArtCollection.swift in Sources */,
				996F54B5276BDFA60006F724 /* CustomCollectionView.swift in Sources */,
				996F54B8276BE7AF0006F724 /* CollectionDetailView.swift in Sources */,
			);
			runOnlyForDeploymentPostprocessing = 0;
		};
/* End PBXSourcesBuildPhase section */

/* Begin XCBuildConfiguration section */
		996F54AD276BD8470006F724 /* Debug */ = {
			isa = XCBuildConfiguration;
			buildSettings = {
				ALWAYS_SEARCH_USER_PATHS = NO;
				CLANG_ANALYZER_NONNULL = YES;
				CLANG_ANALYZER_NUMBER_OBJECT_CONVERSION = YES_AGGRESSIVE;
				CLANG_CXX_LANGUAGE_STANDARD = "gnu++17";
				CLANG_CXX_LIBRARY = "libc++";
				CLANG_ENABLE_MODULES = YES;
				CLANG_ENABLE_OBJC_ARC = YES;
				CLANG_ENABLE_OBJC_WEAK = YES;
				CLANG_WARN_BLOCK_CAPTURE_AUTORELEASING = YES;
				CLANG_WARN_BOOL_CONVERSION = YES;
				CLANG_WARN_COMMA = YES;
				CLANG_WARN_CONSTANT_CONVERSION = YES;
				CLANG_WARN_DEPRECATED_OBJC_IMPLEMENTATIONS = YES;
				CLANG_WARN_DIRECT_OBJC_ISA_USAGE = YES_ERROR;
				CLANG_WARN_DOCUMENTATION_COMMENTS = YES;
				CLANG_WARN_EMPTY_BODY = YES;
				CLANG_WARN_ENUM_CONVERSION = YES;
				CLANG_WARN_INFINITE_RECURSION = YES;
				CLANG_WARN_INT_CONVERSION = YES;
				CLANG_WARN_NON_LITERAL_NULL_CONVERSION = YES;
				CLANG_WARN_OBJC_IMPLICIT_RETAIN_SELF = YES;
				CLANG_WARN_OBJC_LITERAL_CONVERSION = YES;
				CLANG_WARN_OBJC_ROOT_CLASS = YES_ERROR;
				CLANG_WARN_QUOTED_INCLUDE_IN_FRAMEWORK_HEADER = YES;
				CLANG_WARN_RANGE_LOOP_ANALYSIS = YES;
				CLANG_WARN_STRICT_PROTOTYPES = YES;
				CLANG_WARN_SUSPICIOUS_MOVE = YES;
				CLANG_WARN_UNGUARDED_AVAILABILITY = YES_AGGRESSIVE;
				CLANG_WARN_UNREACHABLE_CODE = YES;
				CLANG_WARN__DUPLICATE_METHOD_MATCH = YES;
				COPY_PHASE_STRIP = NO;
				DEBUG_INFORMATION_FORMAT = dwarf;
				ENABLE_STRICT_OBJC_MSGSEND = YES;
				ENABLE_TESTABILITY = YES;
				GCC_C_LANGUAGE_STANDARD = gnu11;
				GCC_DYNAMIC_NO_PIC = NO;
				GCC_NO_COMMON_BLOCKS = YES;
				GCC_OPTIMIZATION_LEVEL = 0;
				GCC_PREPROCESSOR_DEFINITIONS = (
					"DEBUG=1",
					"$(inherited)",
				);
				GCC_WARN_64_TO_32_BIT_CONVERSION = YES;
				GCC_WARN_ABOUT_RETURN_TYPE = YES_ERROR;
				GCC_WARN_UNDECLARED_SELECTOR = YES;
				GCC_WARN_UNINITIALIZED_AUTOS = YES_AGGRESSIVE;
				GCC_WARN_UNUSED_FUNCTION = YES;
				GCC_WARN_UNUSED_VARIABLE = YES;
				IPHONEOS_DEPLOYMENT_TARGET = 15.0;
				MTL_ENABLE_DEBUG_INFO = INCLUDE_SOURCE;
				MTL_FAST_MATH = YES;
				ONLY_ACTIVE_ARCH = YES;
				SDKROOT = iphoneos;
				SWIFT_ACTIVE_COMPILATION_CONDITIONS = DEBUG;
				SWIFT_OPTIMIZATION_LEVEL = "-Onone";
			};
			name = Debug;
		};
		996F54AE276BD8470006F724 /* Release */ = {
			isa = XCBuildConfiguration;
			buildSettings = {
				ALWAYS_SEARCH_USER_PATHS = NO;
				CLANG_ANALYZER_NONNULL = YES;
				CLANG_ANALYZER_NUMBER_OBJECT_CONVERSION = YES_AGGRESSIVE;
				CLANG_CXX_LANGUAGE_STANDARD = "gnu++17";
				CLANG_CXX_LIBRARY = "libc++";
				CLANG_ENABLE_MODULES = YES;
				CLANG_ENABLE_OBJC_ARC = YES;
				CLANG_ENABLE_OBJC_WEAK = YES;
				CLANG_WARN_BLOCK_CAPTURE_AUTORELEASING = YES;
				CLANG_WARN_BOOL_CONVERSION = YES;
				CLANG_WARN_COMMA = YES;
				CLANG_WARN_CONSTANT_CONVERSION = YES;
				CLANG_WARN_DEPRECATED_OBJC_IMPLEMENTATIONS = YES;
				CLANG_WARN_DIRECT_OBJC_ISA_USAGE = YES_ERROR;
				CLANG_WARN_DOCUMENTATION_COMMENTS = YES;
				CLANG_WARN_EMPTY_BODY = YES;
				CLANG_WARN_ENUM_CONVERSION = YES;
				CLANG_WARN_INFINITE_RECURSION = YES;
				CLANG_WARN_INT_CONVERSION = YES;
				CLANG_WARN_NON_LITERAL_NULL_CONVERSION = YES;
				CLANG_WARN_OBJC_IMPLICIT_RETAIN_SELF = YES;
				CLANG_WARN_OBJC_LITERAL_CONVERSION = YES;
				CLANG_WARN_OBJC_ROOT_CLASS = YES_ERROR;
				CLANG_WARN_QUOTED_INCLUDE_IN_FRAMEWORK_HEADER = YES;
				CLANG_WARN_RANGE_LOOP_ANALYSIS = YES;
				CLANG_WARN_STRICT_PROTOTYPES = YES;
				CLANG_WARN_SUSPICIOUS_MOVE = YES;
				CLANG_WARN_UNGUARDED_AVAILABILITY = YES_AGGRESSIVE;
				CLANG_WARN_UNREACHABLE_CODE = YES;
				CLANG_WARN__DUPLICATE_METHOD_MATCH = YES;
				COPY_PHASE_STRIP = NO;
				DEBUG_INFORMATION_FORMAT = "dwarf-with-dsym";
				ENABLE_NS_ASSERTIONS = NO;
				ENABLE_STRICT_OBJC_MSGSEND = YES;
				GCC_C_LANGUAGE_STANDARD = gnu11;
				GCC_NO_COMMON_BLOCKS = YES;
				GCC_WARN_64_TO_32_BIT_CONVERSION = YES;
				GCC_WARN_ABOUT_RETURN_TYPE = YES_ERROR;
				GCC_WARN_UNDECLARED_SELECTOR = YES;
				GCC_WARN_UNINITIALIZED_AUTOS = YES_AGGRESSIVE;
				GCC_WARN_UNUSED_FUNCTION = YES;
				GCC_WARN_UNUSED_VARIABLE = YES;
				IPHONEOS_DEPLOYMENT_TARGET = 15.0;
				MTL_ENABLE_DEBUG_INFO = NO;
				MTL_FAST_MATH = YES;
				SDKROOT = iphoneos;
				SWIFT_COMPILATION_MODE = wholemodule;
				SWIFT_OPTIMIZATION_LEVEL = "-O";
				VALIDATE_PRODUCT = YES;
			};
			name = Release;
		};
		996F54B0276BD8470006F724 /* Debug */ = {
			isa = XCBuildConfiguration;
			buildSettings = {
				ASSETCATALOG_COMPILER_APPICON_NAME = AppIcon;
				ASSETCATALOG_COMPILER_GLOBAL_ACCENT_COLOR_NAME = AccentColor;
				CODE_SIGN_STYLE = Automatic;
				CURRENT_PROJECT_VERSION = 1;
				DEVELOPMENT_ASSET_PATHS = "\"MuseumArt/Preview Content\"";
				ENABLE_PREVIEWS = YES;
				GENERATE_INFOPLIST_FILE = YES;
				INFOPLIST_KEY_UIApplicationSceneManifest_Generation = YES;
				INFOPLIST_KEY_UIApplicationSupportsIndirectInputEvents = YES;
				INFOPLIST_KEY_UILaunchScreen_Generation = YES;
				INFOPLIST_KEY_UISupportedInterfaceOrientations_iPad = "UIInterfaceOrientationPortrait UIInterfaceOrientationPortraitUpsideDown UIInterfaceOrientationLandscapeLeft UIInterfaceOrientationLandscapeRight";
				INFOPLIST_KEY_UISupportedInterfaceOrientations_iPhone = "UIInterfaceOrientationPortrait UIInterfaceOrientationLandscapeLeft UIInterfaceOrientationLandscapeRight";
				LD_RUNPATH_SEARCH_PATHS = (
					"$(inherited)",
					"@executable_path/Frameworks",
				);
				MARKETING_VERSION = 1.0;
				PRODUCT_BUNDLE_IDENTIFIER = academy.developer.MuseumArt;
				PRODUCT_NAME = "$(TARGET_NAME)";
				SWIFT_EMIT_LOC_STRINGS = YES;
				SWIFT_VERSION = 5.0;
				TARGETED_DEVICE_FAMILY = "1,2";
			};
			name = Debug;
		};
		996F54B1276BD8470006F724 /* Release */ = {
			isa = XCBuildConfiguration;
			buildSettings = {
				ASSETCATALOG_COMPILER_APPICON_NAME = AppIcon;
				ASSETCATALOG_COMPILER_GLOBAL_ACCENT_COLOR_NAME = AccentColor;
				CODE_SIGN_STYLE = Automatic;
				CURRENT_PROJECT_VERSION = 1;
				DEVELOPMENT_ASSET_PATHS = "\"MuseumArt/Preview Content\"";
				ENABLE_PREVIEWS = YES;
				GENERATE_INFOPLIST_FILE = YES;
				INFOPLIST_KEY_UIApplicationSceneManifest_Generation = YES;
				INFOPLIST_KEY_UIApplicationSupportsIndirectInputEvents = YES;
				INFOPLIST_KEY_UILaunchScreen_Generation = YES;
				INFOPLIST_KEY_UISupportedInterfaceOrientations_iPad = "UIInterfaceOrientationPortrait UIInterfaceOrientationPortraitUpsideDown UIInterfaceOrientationLandscapeLeft UIInterfaceOrientationLandscapeRight";
				INFOPLIST_KEY_UISupportedInterfaceOrientations_iPhone = "UIInterfaceOrientationPortrait UIInterfaceOrientationLandscapeLeft UIInterfaceOrientationLandscapeRight";
				LD_RUNPATH_SEARCH_PATHS = (
					"$(inherited)",
					"@executable_path/Frameworks",
				);
				MARKETING_VERSION = 1.0;
				PRODUCT_BUNDLE_IDENTIFIER = academy.developer.MuseumArt;
				PRODUCT_NAME = "$(TARGET_NAME)";
				SWIFT_EMIT_LOC_STRINGS = YES;
				SWIFT_VERSION = 5.0;
				TARGETED_DEVICE_FAMILY = "1,2";
			};
			name = Release;
		};
/* End XCBuildConfiguration section */

/* Begin XCConfigurationList section */
		996F549C276BD8460006F724 /* Build configuration list for PBXProject "MuseumArt" */ = {
			isa = XCConfigurationList;
			buildConfigurations = (
				996F54AD276BD8470006F724 /* Debug */,
				996F54AE276BD8470006F724 /* Release */,
			);
			defaultConfigurationIsVisible = 0;
			defaultConfigurationName = Release;
		};
		996F54AF276BD8470006F724 /* Build configuration list for PBXNativeTarget "MuseumArt" */ = {
			isa = XCConfigurationList;
			buildConfigurations = (
				996F54B0276BD8470006F724 /* Debug */,
				996F54B1276BD8470006F724 /* Release */,
			);
			defaultConfigurationIsVisible = 0;
			defaultConfigurationName = Release;
		};
/* End XCConfigurationList section */
	};
	rootObject = 996F5499276BD8460006F724 /* Project object */;
}
